
Microsoft Visual Studio Solution File, Format Version 12.00
# Visual Studio Version 16
VisualStudioVersion = 16.0.33423.256
MinimumVisualStudioVersion = 10.0.40219.1
Project("{FAE04EC0-301F-11D3-BF4B-00C04F79EFBC}") = "Umbraco.Cms.Web.v8.18.7", "Umbraco.Cms.Web.v8.18.7\Umbraco.Cms.Web.v8.18.7.csproj", "{BFEE8D22-6DE7-4B71-B4DC-0659CA65105F}"
EndProject
Project("{2150E333-8FDC-42A3-9474-1A3956D46DE8}") = "Solution Files", "Solution Files", "{7EA35925-1234-4676-A853-85F4A68DBF59}"
	ProjectSection(SolutionItems) = preProject
		.gitignore = .gitignore
		tools\createdPackages.config = tools\createdPackages.config
		LICENSE = LICENSE
		README.md = README.md
		tools\TEMPLATE.nuspec = tools\TEMPLATE.nuspec
		tools\Theme XML Generator.exe = tools\Theme XML Generator.exe
	EndProjectSection
EndProject
Project("{FAE04EC0-301F-11D3-BF4B-00C04F79EFBC}") = "Umbraco.Plugins.AdPreview", "Umbraco.Plugins.AdPreview\Umbraco.Plugins.AdPreview.csproj", "{410FC685-0C45-498D-9ECF-A5B91F2144B6}"
EndProject
Project("{FAE04EC0-301F-11D3-BF4B-00C04F79EFBC}") = "Umbraco.Plugins.CharLimit", "Umbraco.Plugins.CharLimit\Umbraco.Plugins.CharLimit.csproj", "{D155D6A7-A5CB-4373-8FAE-968BCF9B8351}"
EndProject
Project("{FAE04EC0-301F-11D3-BF4B-00C04F79EFBC}") = "Umbraco.Plugins.DefaultValue", "Umbraco.Plugins.DefaultValue\Umbraco.Plugins.DefaultValue.csproj", "{9A66DA45-73E4-4D65-8584-D58E397274D0}"
EndProject
Project("{FAE04EC0-301F-11D3-BF4B-00C04F79EFBC}") = "Umbraco.Plugins.CopyValue", "Umbraco.Plugins.CopyValue\Umbraco.Plugins.CopyValue.csproj", "{958DF0E8-00D1-41FF-8073-934F2A24B715}"
EndProject
Project("{FAE04EC0-301F-11D3-BF4B-00C04F79EFBC}") = "Umbraco.Plugins.HideContent", "Umbraco.Plugins.HideContent\Umbraco.Plugins.HideContent.csproj", "{80E18A00-B3C7-4DEC-B397-A3837DE606EE}"
EndProject
Project("{FAE04EC0-301F-11D3-BF4B-00C04F79EFBC}") = "Umbraco.Plugins.OnOffButton", "Umbraco.Plugins.OnOffButton\Umbraco.Plugins.OnOffButton.csproj", "{5EF84304-DFD5-4BCB-B25E-FFC38E066732}"
EndProject
Project("{FAE04EC0-301F-11D3-BF4B-00C04F79EFBC}") = "Umbraco.Plugins.RestrictPage", "Umbraco.Plugins.RestrictPage\Umbraco.Plugins.RestrictPage.csproj", "{C5363347-C203-4F9E-A374-F054E4B4D42E}"
EndProject
Global
	GlobalSection(SolutionConfigurationPlatforms) = preSolution
		Debug|Any CPU = Debug|Any CPU
		Release|Any CPU = Release|Any CPU
	EndGlobalSection
	GlobalSection(ProjectConfigurationPlatforms) = postSolution
		{BFEE8D22-6DE7-4B71-B4DC-0659CA65105F}.Debug|Any CPU.ActiveCfg = Debug|Any CPU
		{BFEE8D22-6DE7-4B71-B4DC-0659CA65105F}.Debug|Any CPU.Build.0 = Debug|Any CPU
		{BFEE8D22-6DE7-4B71-B4DC-0659CA65105F}.Release|Any CPU.ActiveCfg = Release|Any CPU
		{BFEE8D22-6DE7-4B71-B4DC-0659CA65105F}.Release|Any CPU.Build.0 = Release|Any CPU
		{410FC685-0C45-498D-9ECF-A5B91F2144B6}.Debug|Any CPU.ActiveCfg = Debug|Any CPU
		{410FC685-0C45-498D-9ECF-A5B91F2144B6}.Debug|Any CPU.Build.0 = Debug|Any CPU
		{410FC685-0C45-498D-9ECF-A5B91F2144B6}.Release|Any CPU.ActiveCfg = Release|Any CPU
		{410FC685-0C45-498D-9ECF-A5B91F2144B6}.Release|Any CPU.Build.0 = Release|Any CPU
		{D155D6A7-A5CB-4373-8FAE-968BCF9B8351}.Debug|Any CPU.ActiveCfg = Debug|Any CPU
		{D155D6A7-A5CB-4373-8FAE-968BCF9B8351}.Debug|Any CPU.Build.0 = Debug|Any CPU
		{D155D6A7-A5CB-4373-8FAE-968BCF9B8351}.Release|Any CPU.ActiveCfg = Release|Any CPU
		{D155D6A7-A5CB-4373-8FAE-968BCF9B8351}.Release|Any CPU.Build.0 = Release|Any CPU
		{9A66DA45-73E4-4D65-8584-D58E397274D0}.Debug|Any CPU.ActiveCfg = Debug|Any CPU
		{9A66DA45-73E4-4D65-8584-D58E397274D0}.Debug|Any CPU.Build.0 = Debug|Any CPU
		{9A66DA45-73E4-4D65-8584-D58E397274D0}.Release|Any CPU.ActiveCfg = Release|Any CPU
		{9A66DA45-73E4-4D65-8584-D58E397274D0}.Release|Any CPU.Build.0 = Release|Any CPU
		{958DF0E8-00D1-41FF-8073-934F2A24B715}.Debug|Any CPU.ActiveCfg = Debug|Any CPU
		{958DF0E8-00D1-41FF-8073-934F2A24B715}.Debug|Any CPU.Build.0 = Debug|Any CPU
		{958DF0E8-00D1-41FF-8073-934F2A24B715}.Release|Any CPU.ActiveCfg = Release|Any CPU
		{958DF0E8-00D1-41FF-8073-934F2A24B715}.Release|Any CPU.Build.0 = Release|Any CPU
		{80E18A00-B3C7-4DEC-B397-A3837DE606EE}.Debug|Any CPU.ActiveCfg = Debug|Any CPU
		{80E18A00-B3C7-4DEC-B397-A3837DE606EE}.Debug|Any CPU.Build.0 = Debug|Any CPU
		{80E18A00-B3C7-4DEC-B397-A3837DE606EE}.Release|Any CPU.ActiveCfg = Release|Any CPU
		{80E18A00-B3C7-4DEC-B397-A3837DE606EE}.Release|Any CPU.Build.0 = Release|Any CPU
		{5EF84304-DFD5-4BCB-B25E-FFC38E066732}.Debug|Any CPU.ActiveCfg = Debug|Any CPU
		{5EF84304-DFD5-4BCB-B25E-FFC38E066732}.Debug|Any CPU.Build.0 = Debug|Any CPU
		{5EF84304-DFD5-4BCB-B25E-FFC38E066732}.Release|Any CPU.ActiveCfg = Release|Any CPU
		{5EF84304-DFD5-4BCB-B25E-FFC38E066732}.Release|Any CPU.Build.0 = Release|Any CPU
		{C5363347-C203-4F9E-A374-F054E4B4D42E}.Debug|Any CPU.ActiveCfg = Debug|Any CPU
		{C5363347-C203-4F9E-A374-F054E4B4D42E}.Debug|Any CPU.Build.0 = Debug|Any CPU
		{C5363347-C203-4F9E-A374-F054E4B4D42E}.Release|Any CPU.ActiveCfg = Release|Any CPU
		{C5363347-C203-4F9E-A374-F054E4B4D42E}.Release|Any CPU.Build.0 = Release|Any CPU
	EndGlobalSection
	GlobalSection(SolutionProperties) = preSolution
		HideSolutionNode = FALSE
	EndGlobalSection
	GlobalSection(ExtensibilityGlobals) = postSolution
		SolutionGuid = {D4A20634-0BB8-4DBA-A6B5-DABEFF08A13F}
	EndGlobalSection
EndGlobal
